
Microsoft Visual Studio Solution File, Format Version 12.00
# Visual Studio Version 17
VisualStudioVersion = 17.7.33711.374
MinimumVisualStudioVersion = 10.0.40219.1
Project("{FAE04EC0-301F-11D3-BF4B-00C04F79EFBC}") = "Cursor-Installer-Creator", "Cursor-Installer-Creator\Cursor-Installer-Creator.csproj", "{392ECE44-57A5-4F37-8B56-CF786EC053AA}"
EndProject
Global
	GlobalSection(SolutionConfigurationPlatforms) = preSolution
		Debug|Any CPU = Debug|Any CPU
		Release|Any CPU = Release|Any CPU
	EndGlobalSection
	GlobalSection(ProjectConfigurationPlatforms) = postSolution
		{392ECE44-57A5-4F37-8B56-CF786EC053AA}.Debug|Any CPU.ActiveCfg = Debug|Any CPU
		{392ECE44-57A5-4F37-8B56-CF786EC053AA}.Debug|Any CPU.Build.0 = Debug|Any CPU
		{392ECE44-57A5-4F37-8B56-CF786EC053AA}.Release|Any CPU.ActiveCfg = Release|Any CPU
		{392ECE44-57A5-4F37-8B56-CF786EC053AA}.Release|Any CPU.Build.0 = Release|Any CPU
	EndGlobalSection
	GlobalSection(SolutionProperties) = preSolution
		HideSolutionNode = FALSE
	EndGlobalSection
	GlobalSection(ExtensibilityGlobals) = postSolution
		SolutionGuid = {9AAC65D6-280D-46A7-82A8-68D4597B1828}
	EndGlobalSection
EndGlobal
